// !$*UTF8*$!
{
	archiveVersion = 1;
	classes = {
	};
	objectVersion = 56;
	objects = {

/* Begin PBXBuildFile section */
		741A87D22982003900DF3104 /* Chat_appApp.swift in Sources */ = {isa = PBXBuildFile; fileRef = 741A87D12982003900DF3104 /* Chat_appApp.swift */; };
		741A87D42982003900DF3104 /* RootView.swift in Sources */ = {isa = PBXBuildFile; fileRef = 741A87D32982003900DF3104 /* RootView.swift */; };
		741A87D62982003A00DF3104 /* Assets.xcassets in Resources */ = {isa = PBXBuildFile; fileRef = 741A87D52982003A00DF3104 /* Assets.xcassets */; };
		741A87D92982003A00DF3104 /* Preview Assets.xcassets in Resources */ = {isa = PBXBuildFile; fileRef = 741A87D82982003A00DF3104 /* Preview Assets.xcassets */; };
		741A87EB298355DE00DF3104 /* LexendDeca-Bold.ttf in Resources */ = {isa = PBXBuildFile; fileRef = 741A87E8298355DE00DF3104 /* LexendDeca-Bold.ttf */; };
		741A87EC298355DE00DF3104 /* LexendDeca-Regular.ttf in Resources */ = {isa = PBXBuildFile; fileRef = 741A87E9298355DE00DF3104 /* LexendDeca-Regular.ttf */; };
		741A87ED298355DE00DF3104 /* LexendDeca-SemiBold.ttf in Resources */ = {isa = PBXBuildFile; fileRef = 741A87EA298355DE00DF3104 /* LexendDeca-SemiBold.ttf */; };
		741A87F029835F8900DF3104 /* Fonts.swift in Sources */ = {isa = PBXBuildFile; fileRef = 741A87EF29835F8900DF3104 /* Fonts.swift */; };
		744C84B429855BD800869ED0 /* CustomTabBar.swift in Sources */ = {isa = PBXBuildFile; fileRef = 744C84B329855BD800869ED0 /* CustomTabBar.swift */; };
		744C84B82986A9C800869ED0 /* TabBarButton.swift in Sources */ = {isa = PBXBuildFile; fileRef = 744C84B72986A9C800869ED0 /* TabBarButton.swift */; };
/* End PBXBuildFile section */

/* Begin PBXFileReference section */
		741A87CE2982003900DF3104 /* Chat_app.app */ = {isa = PBXFileReference; explicitFileType = wrapper.application; includeInIndex = 0; path = Chat_app.app; sourceTree = BUILT_PRODUCTS_DIR; };
		741A87D12982003900DF3104 /* Chat_appApp.swift */ = {isa = PBXFileReference; lastKnownFileType = sourcecode.swift; path = Chat_appApp.swift; sourceTree = "<group>"; };
		741A87D32982003900DF3104 /* RootView.swift */ = {isa = PBXFileReference; lastKnownFileType = sourcecode.swift; path = RootView.swift; sourceTree = "<group>"; };
		741A87D52982003A00DF3104 /* Assets.xcassets */ = {isa = PBXFileReference; lastKnownFileType = folder.assetcatalog; path = Assets.xcassets; sourceTree = "<group>"; };
		741A87D82982003A00DF3104 /* Preview Assets.xcassets */ = {isa = PBXFileReference; lastKnownFileType = folder.assetcatalog; path = "Preview Assets.xcassets"; sourceTree = "<group>"; };
		741A87E8298355DE00DF3104 /* LexendDeca-Bold.ttf */ = {isa = PBXFileReference; lastKnownFileType = file; path = "LexendDeca-Bold.ttf"; sourceTree = "<group>"; };
		741A87E9298355DE00DF3104 /* LexendDeca-Regular.ttf */ = {isa = PBXFileReference; lastKnownFileType = file; path = "LexendDeca-Regular.ttf"; sourceTree = "<group>"; };
		741A87EA298355DE00DF3104 /* LexendDeca-SemiBold.ttf */ = {isa = PBXFileReference; lastKnownFileType = file; path = "LexendDeca-SemiBold.ttf"; sourceTree = "<group>"; };
		741A87EE298356B700DF3104 /* Chat-app-Info.plist */ = {isa = PBXFileReference; lastKnownFileType = text.plist; path = "Chat-app-Info.plist"; sourceTree = SOURCE_ROOT; };
		741A87EF29835F8900DF3104 /* Fonts.swift */ = {isa = PBXFileReference; lastKnownFileType = sourcecode.swift; path = Fonts.swift; sourceTree = "<group>"; };
		744C84B329855BD800869ED0 /* CustomTabBar.swift */ = {isa = PBXFileReference; lastKnownFileType = sourcecode.swift; path = CustomTabBar.swift; sourceTree = "<group>"; };
		744C84B72986A9C800869ED0 /* TabBarButton.swift */ = {isa = PBXFileReference; lastKnownFileType = sourcecode.swift; path = TabBarButton.swift; sourceTree = "<group>"; };
/* End PBXFileReference section */

/* Begin PBXFrameworksBuildPhase section */
		741A87CB2982003900DF3104 /* Frameworks */ = {
			isa = PBXFrameworksBuildPhase;
			buildActionMask = 2147483647;
			files = (
			);
			runOnlyForDeploymentPostprocessing = 0;
		};
/* End PBXFrameworksBuildPhase section */

/* Begin PBXGroup section */
		741A87C52982003900DF3104 = {
			isa = PBXGroup;
			children = (
				741A87D02982003900DF3104 /* Chat_app */,
				741A87CF2982003900DF3104 /* Products */,
			);
			sourceTree = "<group>";
		};
		741A87CF2982003900DF3104 /* Products */ = {
			isa = PBXGroup;
			children = (
				741A87CE2982003900DF3104 /* Chat_app.app */,
			);
			name = Products;
			sourceTree = "<group>";
		};
		741A87D02982003900DF3104 /* Chat_app */ = {
			isa = PBXGroup;
			children = (
				741A87EE298356B700DF3104 /* Chat-app-Info.plist */,
				741A87E42982009200DF3104 /* Fonts */,
				741A87E8298355DE00DF3104 /* LexendDeca-Bold.ttf */,
				741A87E9298355DE00DF3104 /* LexendDeca-Regular.ttf */,
				741A87EA298355DE00DF3104 /* LexendDeca-SemiBold.ttf */,
				741A87E32982007D00DF3104 /* Helpers */,
				741A87E22982007400DF3104 /* Services */,
				741A87E12982006B00DF3104 /* Views */,
				741A87E02982004B00DF3104 /* ViewModels */,
				741A87DF2982004200DF3104 /* Models */,
				741A87D12982003900DF3104 /* Chat_appApp.swift */,
				741A87D52982003A00DF3104 /* Assets.xcassets */,
				741A87D72982003A00DF3104 /* Preview Content */,
			);
			path = Chat_app;
			sourceTree = "<group>";
		};
		741A87D72982003A00DF3104 /* Preview Content */ = {
			isa = PBXGroup;
			children = (
				741A87D82982003A00DF3104 /* Preview Assets.xcassets */,
			);
			path = "Preview Content";
			sourceTree = "<group>";
		};
		741A87DF2982004200DF3104 /* Models */ = {
			isa = PBXGroup;
			children = (
			);
			path = Models;
			sourceTree = "<group>";
		};
		741A87E02982004B00DF3104 /* ViewModels */ = {
			isa = PBXGroup;
			children = (
			);
			path = ViewModels;
			sourceTree = "<group>";
		};
		741A87E12982006B00DF3104 /* Views */ = {
			isa = PBXGroup;
			children = (
				744C84B229855B9200869ED0 /* Custom Tab Bar */,
				741A87D32982003900DF3104 /* RootView.swift */,
			);
			path = Views;
			sourceTree = "<group>";
		};
		741A87E22982007400DF3104 /* Services */ = {
			isa = PBXGroup;
			children = (
			);
			path = Services;
			sourceTree = "<group>";
		};
		741A87E32982007D00DF3104 /* Helpers */ = {
			isa = PBXGroup;
			children = (
				741A87EF29835F8900DF3104 /* Fonts.swift */,
			);
			path = Helpers;
			sourceTree = "<group>";
		};
		741A87E42982009200DF3104 /* Fonts */ = {
			isa = PBXGroup;
			children = (
			);
			path = Fonts;
			sourceTree = "<group>";
		};
		744C84B229855B9200869ED0 /* Custom Tab Bar */ = {
			isa = PBXGroup;
			children = (
				744C84B329855BD800869ED0 /* CustomTabBar.swift */,
				744C84B72986A9C800869ED0 /* TabBarButton.swift */,
			);
			path = "Custom Tab Bar";
			sourceTree = "<group>";
		};
/* End PBXGroup section */

/* Begin PBXNativeTarget section */
		741A87CD2982003900DF3104 /* Chat_app */ = {
			isa = PBXNativeTarget;
			buildConfigurationList = 741A87DC2982003A00DF3104 /* Build configuration list for PBXNativeTarget "Chat_app" */;
			buildPhases = (
				741A87CA2982003900DF3104 /* Sources */,
				741A87CB2982003900DF3104 /* Frameworks */,
				741A87CC2982003900DF3104 /* Resources */,
			);
			buildRules = (
			);
			dependencies = (
			);
			name = Chat_app;
			productName = Chat_app;
			productReference = 741A87CE2982003900DF3104 /* Chat_app.app */;
			productType = "com.apple.product-type.application";
		};
/* End PBXNativeTarget section */

/* Begin PBXProject section */
		741A87C62982003900DF3104 /* Project object */ = {
			isa = PBXProject;
			attributes = {
				BuildIndependentTargetsInParallel = 1;
				LastSwiftUpdateCheck = 1420;
				LastUpgradeCheck = 1420;
				TargetAttributes = {
					741A87CD2982003900DF3104 = {
						CreatedOnToolsVersion = 14.2;
					};
				};
			};
			buildConfigurationList = 741A87C92982003900DF3104 /* Build configuration list for PBXProject "Chat_app" */;
			compatibilityVersion = "Xcode 14.0";
			developmentRegion = en;
			hasScannedForEncodings = 0;
			knownRegions = (
				en,
				Base,
			);
			mainGroup = 741A87C52982003900DF3104;
			productRefGroup = 741A87CF2982003900DF3104 /* Products */;
			projectDirPath = "";
			projectRoot = "";
			targets = (
				741A87CD2982003900DF3104 /* Chat_app */,
			);
		};
/* End PBXProject section */

/* Begin PBXResourcesBuildPhase section */
		741A87CC2982003900DF3104 /* Resources */ = {
			isa = PBXResourcesBuildPhase;
			buildActionMask = 2147483647;
			files = (
				741A87D92982003A00DF3104 /* Preview Assets.xcassets in Resources */,
				741A87D62982003A00DF3104 /* Assets.xcassets in Resources */,
				741A87ED298355DE00DF3104 /* LexendDeca-SemiBold.ttf in Resources */,
				741A87EC298355DE00DF3104 /* LexendDeca-Regular.ttf in Resources */,
				741A87EB298355DE00DF3104 /* LexendDeca-Bold.ttf in Resources */,
			);
			runOnlyForDeploymentPostprocessing = 0;
		};
/* End PBXResourcesBuildPhase section */

/* Begin PBXSourcesBuildPhase section */
		741A87CA2982003900DF3104 /* Sources */ = {
			isa = PBXSourcesBuildPhase;
			buildActionMask = 2147483647;
			files = (
				744C84B429855BD800869ED0 /* CustomTabBar.swift in Sources */,
				741A87D42982003900DF3104 /* RootView.swift in Sources */,
				741A87F029835F8900DF3104 /* Fonts.swift in Sources */,
				741A87D22982003900DF3104 /* Chat_appApp.swift in Sources */,
				744C84B82986A9C800869ED0 /* TabBarButton.swift in Sources */,
			);
			runOnlyForDeploymentPostprocessing = 0;
		};
/* End PBXSourcesBuildPhase section */

/* Begin XCBuildConfiguration section */
		741A87DA2982003A00DF3104 /* Debug */ = {
			isa = XCBuildConfiguration;
			buildSettings = {
				ALWAYS_SEARCH_USER_PATHS = NO;
				CLANG_ANALYZER_NONNULL = YES;
				CLANG_ANALYZER_NUMBER_OBJECT_CONVERSION = YES_AGGRESSIVE;
				CLANG_CXX_LANGUAGE_STANDARD = "gnu++20";
				CLANG_ENABLE_MODULES = YES;
				CLANG_ENABLE_OBJC_ARC = YES;
				CLANG_ENABLE_OBJC_WEAK = YES;
				CLANG_WARN_BLOCK_CAPTURE_AUTORELEASING = YES;
				CLANG_WARN_BOOL_CONVERSION = YES;
				CLANG_WARN_COMMA = YES;
				CLANG_WARN_CONSTANT_CONVERSION = YES;
				CLANG_WARN_DEPRECATED_OBJC_IMPLEMENTATIONS = YES;
				CLANG_WARN_DIRECT_OBJC_ISA_USAGE = YES_ERROR;
				CLANG_WARN_DOCUMENTATION_COMMENTS = YES;
				CLANG_WARN_EMPTY_BODY = YES;
				CLANG_WARN_ENUM_CONVERSION = YES;
				CLANG_WARN_INFINITE_RECURSION = YES;
				CLANG_WARN_INT_CONVERSION = YES;
				CLANG_WARN_NON_LITERAL_NULL_CONVERSION = YES;
				CLANG_WARN_OBJC_IMPLICIT_RETAIN_SELF = YES;
				CLANG_WARN_OBJC_LITERAL_CONVERSION = YES;
				CLANG_WARN_OBJC_ROOT_CLASS = YES_ERROR;
				CLANG_WARN_QUOTED_INCLUDE_IN_FRAMEWORK_HEADER = YES;
				CLANG_WARN_RANGE_LOOP_ANALYSIS = YES;
				CLANG_WARN_STRICT_PROTOTYPES = YES;
				CLANG_WARN_SUSPICIOUS_MOVE = YES;
				CLANG_WARN_UNGUARDED_AVAILABILITY = YES_AGGRESSIVE;
				CLANG_WARN_UNREACHABLE_CODE = YES;
				CLANG_WARN__DUPLICATE_METHOD_MATCH = YES;
				COPY_PHASE_STRIP = NO;
				DEBUG_INFORMATION_FORMAT = dwarf;
				ENABLE_STRICT_OBJC_MSGSEND = YES;
				ENABLE_TESTABILITY = YES;
				GCC_C_LANGUAGE_STANDARD = gnu11;
				GCC_DYNAMIC_NO_PIC = NO;
				GCC_NO_COMMON_BLOCKS = YES;
				GCC_OPTIMIZATION_LEVEL = 0;
				GCC_PREPROCESSOR_DEFINITIONS = (
					"DEBUG=1",
					"$(inherited)",
				);
				GCC_WARN_64_TO_32_BIT_CONVERSION = YES;
				GCC_WARN_ABOUT_RETURN_TYPE = YES_ERROR;
				GCC_WARN_UNDECLARED_SELECTOR = YES;
				GCC_WARN_UNINITIALIZED_AUTOS = YES_AGGRESSIVE;
				GCC_WARN_UNUSED_FUNCTION = YES;
				GCC_WARN_UNUSED_VARIABLE = YES;
				IPHONEOS_DEPLOYMENT_TARGET = 16.2;
				MTL_ENABLE_DEBUG_INFO = INCLUDE_SOURCE;
				MTL_FAST_MATH = YES;
				ONLY_ACTIVE_ARCH = YES;
				SDKROOT = iphoneos;
				SWIFT_ACTIVE_COMPILATION_CONDITIONS = DEBUG;
				SWIFT_OPTIMIZATION_LEVEL = "-Onone";
			};
			name = Debug;
		};
		741A87DB2982003A00DF3104 /* Release */ = {
			isa = XCBuildConfiguration;
			buildSettings = {
				ALWAYS_SEARCH_USER_PATHS = NO;
				CLANG_ANALYZER_NONNULL = YES;
				CLANG_ANALYZER_NUMBER_OBJECT_CONVERSION = YES_AGGRESSIVE;
				CLANG_CXX_LANGUAGE_STANDARD = "gnu++20";
				CLANG_ENABLE_MODULES = YES;
				CLANG_ENABLE_OBJC_ARC = YES;
				CLANG_ENABLE_OBJC_WEAK = YES;
				CLANG_WARN_BLOCK_CAPTURE_AUTORELEASING = YES;
				CLANG_WARN_BOOL_CONVERSION = YES;
				CLANG_WARN_COMMA = YES;
				CLANG_WARN_CONSTANT_CONVERSION = YES;
				CLANG_WARN_DEPRECATED_OBJC_IMPLEMENTATIONS = YES;
				CLANG_WARN_DIRECT_OBJC_ISA_USAGE = YES_ERROR;
				CLANG_WARN_DOCUMENTATION_COMMENTS = YES;
				CLANG_WARN_EMPTY_BODY = YES;
				CLANG_WARN_ENUM_CONVERSION = YES;
				CLANG_WARN_INFINITE_RECURSION = YES;
				CLANG_WARN_INT_CONVERSION = YES;
				CLANG_WARN_NON_LITERAL_NULL_CONVERSION = YES;
				CLANG_WARN_OBJC_IMPLICIT_RETAIN_SELF = YES;
				CLANG_WARN_OBJC_LITERAL_CONVERSION = YES;
				CLANG_WARN_OBJC_ROOT_CLASS = YES_ERROR;
				CLANG_WARN_QUOTED_INCLUDE_IN_FRAMEWORK_HEADER = YES;
				CLANG_WARN_RANGE_LOOP_ANALYSIS = YES;
				CLANG_WARN_STRICT_PROTOTYPES = YES;
				CLANG_WARN_SUSPICIOUS_MOVE = YES;
				CLANG_WARN_UNGUARDED_AVAILABILITY = YES_AGGRESSIVE;
				CLANG_WARN_UNREACHABLE_CODE = YES;
				CLANG_WARN__DUPLICATE_METHOD_MATCH = YES;
				COPY_PHASE_STRIP = NO;
				DEBUG_INFORMATION_FORMAT = "dwarf-with-dsym";
				ENABLE_NS_ASSERTIONS = NO;
				ENABLE_STRICT_OBJC_MSGSEND = YES;
				GCC_C_LANGUAGE_STANDARD = gnu11;
				GCC_NO_COMMON_BLOCKS = YES;
				GCC_WARN_64_TO_32_BIT_CONVERSION = YES;
				GCC_WARN_ABOUT_RETURN_TYPE = YES_ERROR;
				GCC_WARN_UNDECLARED_SELECTOR = YES;
				GCC_WARN_UNINITIALIZED_AUTOS = YES_AGGRESSIVE;
				GCC_WARN_UNUSED_FUNCTION = YES;
				GCC_WARN_UNUSED_VARIABLE = YES;
				IPHONEOS_DEPLOYMENT_TARGET = 16.2;
				MTL_ENABLE_DEBUG_INFO = NO;
				MTL_FAST_MATH = YES;
				SDKROOT = iphoneos;
				SWIFT_COMPILATION_MODE = wholemodule;
				SWIFT_OPTIMIZATION_LEVEL = "-O";
				VALIDATE_PRODUCT = YES;
			};
			name = Release;
		};
		741A87DD2982003A00DF3104 /* Debug */ = {
			isa = XCBuildConfiguration;
			buildSettings = {
				ASSETCATALOG_COMPILER_APPICON_NAME = AppIcon;
				ASSETCATALOG_COMPILER_GLOBAL_ACCENT_COLOR_NAME = AccentColor;
				CODE_SIGN_STYLE = Automatic;
				CURRENT_PROJECT_VERSION = 1;
				DEVELOPMENT_ASSET_PATHS = "\"Chat_app/Preview Content\"";
				DEVELOPMENT_TEAM = RHHXKR9N73;
				ENABLE_PREVIEWS = YES;
				GENERATE_INFOPLIST_FILE = YES;
				INFOPLIST_FILE = "Chat-app-Info.plist";
				INFOPLIST_KEY_UIApplicationSceneManifest_Generation = YES;
				INFOPLIST_KEY_UIApplicationSupportsIndirectInputEvents = YES;
				INFOPLIST_KEY_UILaunchScreen_Generation = YES;
				INFOPLIST_KEY_UISupportedInterfaceOrientations_iPad = "UIInterfaceOrientationPortrait UIInterfaceOrientationPortraitUpsideDown UIInterfaceOrientationLandscapeLeft UIInterfaceOrientationLandscapeRight";
				INFOPLIST_KEY_UISupportedInterfaceOrientations_iPhone = "UIInterfaceOrientationPortrait UIInterfaceOrientationLandscapeLeft UIInterfaceOrientationLandscapeRight";
				LD_RUNPATH_SEARCH_PATHS = (
					"$(inherited)",
					"@executable_path/Frameworks",
				);
				MARKETING_VERSION = 1.0;
				PRODUCT_BUNDLE_IDENTIFIER = "johncorrigan.Chat-app";
				PRODUCT_NAME = "$(TARGET_NAME)";
				SWIFT_EMIT_LOC_STRINGS = YES;
				SWIFT_VERSION = 5.0;
				TARGETED_DEVICE_FAMILY = "1,2";
			};
			name = Debug;
		};
		741A87DE2982003A00DF3104 /* Release */ = {
			isa = XCBuildConfiguration;
			buildSettings = {
				ASSETCATALOG_COMPILER_APPICON_NAME = AppIcon;
				ASSETCATALOG_COMPILER_GLOBAL_ACCENT_COLOR_NAME = AccentColor;
				CODE_SIGN_STYLE = Automatic;
				CURRENT_PROJECT_VERSION = 1;
				DEVELOPMENT_ASSET_PATHS = "\"Chat_app/Preview Content\"";
				DEVELOPMENT_TEAM = RHHXKR9N73;
				ENABLE_PREVIEWS = YES;
				GENERATE_INFOPLIST_FILE = YES;
				INFOPLIST_FILE = "Chat-app-Info.plist";
				INFOPLIST_KEY_UIApplicationSceneManifest_Generation = YES;
				INFOPLIST_KEY_UIApplicationSupportsIndirectInputEvents = YES;
				INFOPLIST_KEY_UILaunchScreen_Generation = YES;
				INFOPLIST_KEY_UISupportedInterfaceOrientations_iPad = "UIInterfaceOrientationPortrait UIInterfaceOrientationPortraitUpsideDown UIInterfaceOrientationLandscapeLeft UIInterfaceOrientationLandscapeRight";
				INFOPLIST_KEY_UISupportedInterfaceOrientations_iPhone = "UIInterfaceOrientationPortrait UIInterfaceOrientationLandscapeLeft UIInterfaceOrientationLandscapeRight";
				LD_RUNPATH_SEARCH_PATHS = (
					"$(inherited)",
					"@executable_path/Frameworks",
				);
				MARKETING_VERSION = 1.0;
				PRODUCT_BUNDLE_IDENTIFIER = "johncorrigan.Chat-app";
				PRODUCT_NAME = "$(TARGET_NAME)";
				SWIFT_EMIT_LOC_STRINGS = YES;
				SWIFT_VERSION = 5.0;
				TARGETED_DEVICE_FAMILY = "1,2";
			};
			name = Release;
		};
/* End XCBuildConfiguration section */

/* Begin XCConfigurationList section */
		741A87C92982003900DF3104 /* Build configuration list for PBXProject "Chat_app" */ = {
			isa = XCConfigurationList;
			buildConfigurations = (
				741A87DA2982003A00DF3104 /* Debug */,
				741A87DB2982003A00DF3104 /* Release */,
			);
			defaultConfigurationIsVisible = 0;
			defaultConfigurationName = Release;
		};
		741A87DC2982003A00DF3104 /* Build configuration list for PBXNativeTarget "Chat_app" */ = {
			isa = XCConfigurationList;
			buildConfigurations = (
				741A87DD2982003A00DF3104 /* Debug */,
				741A87DE2982003A00DF3104 /* Release */,
			);
			defaultConfigurationIsVisible = 0;
			defaultConfigurationName = Release;
		};
/* End XCConfigurationList section */
	};
	rootObject = 741A87C62982003900DF3104 /* Project object */;
}
